
Microsoft Visual Studio Solution File, Format Version 12.00
# Visual Studio Version 17
VisualStudioVersion = 17.6.33815.320
MinimumVisualStudioVersion = 10.0.40219.1
Project("{8BC9CEB8-8B4A-11D0-8D11-00A0C91BC942}") = "Project4", "Project4.vcxproj", "{28BD3CED-DF87-4653-937C-31544B10EDD3}"
EndProject
Global
	GlobalSection(SolutionConfigurationPlatforms) = preSolution
		Debug|x64 = Debug|x64
		Debug|x86 = Debug|x86
		Release|x64 = Release|x64
		Release|x86 = Release|x86
	EndGlobalSection
	GlobalSection(ProjectConfigurationPlatforms) = postSolution
		{28BD3CED-DF87-4653-937C-31544B10EDD3}.Debug|x64.ActiveCfg = Debug|x64
		{28BD3CED-DF87-4653-937C-31544B10EDD3}.Debug|x64.Build.0 = Debug|x64
		{28BD3CED-DF87-4653-937C-31544B10EDD3}.Debug|x86.ActiveCfg = Debug|Win32
		{28BD3CED-DF87-4653-937C-31544B10EDD3}.Debug|x86.Build.0 = Debug|Win32
		{28BD3CED-DF87-4653-937C-31544B10EDD3}.Release|x64.ActiveCfg = Release|x64
		{28BD3CED-DF87-4653-937C-31544B10EDD3}.Release|x64.Build.0 = Release|x64
		{28BD3CED-DF87-4653-937C-31544B10EDD3}.Release|x86.ActiveCfg = Release|Win32
		{28BD3CED-DF87-4653-937C-31544B10EDD3}.Release|x86.Build.0 = Release|Win32
	EndGlobalSection
	GlobalSection(SolutionProperties) = preSolution
		HideSolutionNode = FALSE
	EndGlobalSection
	GlobalSection(ExtensibilityGlobals) = postSolution
		SolutionGuid = {3B976A25-B8A6-4653-B8E2-7300C2087DC7}
	EndGlobalSection
EndGlobal
